
Microsoft Visual Studio Solution File, Format Version 12.00
# Visual Studio Version 17
VisualStudioVersion = 17.0.32112.339
MinimumVisualStudioVersion = 10.0.40219.1
Project("{FAE04EC0-301F-11D3-BF4B-00C04F79EFBC}") = "Tools", "Tools\Tools.csproj", "{F08F5414-7B3C-4DBF-BD63-2C75F69D29AF}"
EndProject
Global
	GlobalSection(SolutionConfigurationPlatforms) = preSolution
		Debug|Any CPU = Debug|Any CPU
		Release|Any CPU = Release|Any CPU
	EndGlobalSection
	GlobalSection(ProjectConfigurationPlatforms) = postSolution
		{F08F5414-7B3C-4DBF-BD63-2C75F69D29AF}.Debug|Any CPU.ActiveCfg = Debug|Any CPU
		{F08F5414-7B3C-4DBF-BD63-2C75F69D29AF}.Debug|Any CPU.Build.0 = Debug|Any CPU
		{F08F5414-7B3C-4DBF-BD63-2C75F69D29AF}.Release|Any CPU.ActiveCfg = Release|Any CPU
		{F08F5414-7B3C-4DBF-BD63-2C75F69D29AF}.Release|Any CPU.Build.0 = Release|Any CPU
	EndGlobalSection
	GlobalSection(SolutionProperties) = preSolution
		HideSolutionNode = FALSE
	EndGlobalSection
	GlobalSection(ExtensibilityGlobals) = postSolution
		SolutionGuid = {52C0EF07-4F9C-405C-8620-4CE107D90BEB}
	EndGlobalSection
EndGlobal
